
Microsoft Visual Studio Solution File, Format Version 12.00
# Visual Studio Version 17
VisualStudioVersion = 17.8.34525.116
MinimumVisualStudioVersion = 10.0.40219.1
Project("{FAE04EC0-301F-11D3-BF4B-00C04F79EFBC}") = "ProyectoSistemaTickets", "ProyectoSistemaTickets\ProyectoSistemaTickets.csproj", "{E3132CEF-69AF-4B9B-8B29-08E5CC0BB212}"
EndProject
Global
	GlobalSection(SolutionConfigurationPlatforms) = preSolution
		Debug|Any CPU = Debug|Any CPU
		Release|Any CPU = Release|Any CPU
	EndGlobalSection
	GlobalSection(ProjectConfigurationPlatforms) = postSolution
		{E3132CEF-69AF-4B9B-8B29-08E5CC0BB212}.Debug|Any CPU.ActiveCfg = Debug|Any CPU
		{E3132CEF-69AF-4B9B-8B29-08E5CC0BB212}.Debug|Any CPU.Build.0 = Debug|Any CPU
		{E3132CEF-69AF-4B9B-8B29-08E5CC0BB212}.Release|Any CPU.ActiveCfg = Release|Any CPU
		{E3132CEF-69AF-4B9B-8B29-08E5CC0BB212}.Release|Any CPU.Build.0 = Release|Any CPU
	EndGlobalSection
	GlobalSection(SolutionProperties) = preSolution
		HideSolutionNode = FALSE
	EndGlobalSection
	GlobalSection(ExtensibilityGlobals) = postSolution
		SolutionGuid = {AAC91545-EBA5-48EE-B0B3-FD61B55B0CB8}
	EndGlobalSection
EndGlobal
